// !$*UTF8*$!
{
	archiveVersion = 1;
	classes = {
	};
	objectVersion = 50;
	objects = {

/* Begin PBXBuildFile section */
		C7159FC322B55E1300C16C78 /* AppDelegate.swift in Sources */ = {isa = PBXBuildFile; fileRef = C7159FC222B55E1300C16C78 /* AppDelegate.swift */; };
		C7159FC522B55E1300C16C78 /* ViewController.swift in Sources */ = {isa = PBXBuildFile; fileRef = C7159FC422B55E1300C16C78 /* ViewController.swift */; };
		C7159FC822B55E1300C16C78 /* Main.storyboard in Resources */ = {isa = PBXBuildFile; fileRef = C7159FC622B55E1300C16C78 /* Main.storyboard */; };
		C7159FCA22B55E1500C16C78 /* Assets.xcassets in Resources */ = {isa = PBXBuildFile; fileRef = C7159FC922B55E1500C16C78 /* Assets.xcassets */; };
		C7159FCD22B55E1500C16C78 /* LaunchScreen.storyboard in Resources */ = {isa = PBXBuildFile; fileRef = C7159FCB22B55E1500C16C78 /* LaunchScreen.storyboard */; };
		C720FE4522B7BE6E0051E09C /* CollectionViewCell.swift in Sources */ = {isa = PBXBuildFile; fileRef = C720FE4422B7BE6E0051E09C /* CollectionViewCell.swift */; };
		C763146D234348130086E565 /* KotlinShared.framework in Embed Frameworks */ = {isa = PBXBuildFile; fileRef = C763146C234348130086E565 /* KotlinShared.framework */; settings = {ATTRIBUTES = (CodeSignOnCopy, RemoveHeadersOnCopy, ); }; };
/* End PBXBuildFile section */

/* Begin PBXCopyFilesBuildPhase section */
		C7159FD722B5654200C16C78 /* Embed Frameworks */ = {
			isa = PBXCopyFilesBuildPhase;
			buildActionMask = 2147483647;
			dstPath = "";
			dstSubfolderSpec = 10;
			files = (
				C763146D234348130086E565 /* KotlinShared.framework in Embed Frameworks */,
			);
			name = "Embed Frameworks";
			runOnlyForDeploymentPostprocessing = 0;
		};
/* End PBXCopyFilesBuildPhase section */

/* Begin PBXFileReference section */
		C7159FBF22B55E1300C16C78 /* kotlinmultiplatform.app */ = {isa = PBXFileReference; explicitFileType = wrapper.application; includeInIndex = 0; path = kotlinmultiplatform.app; sourceTree = BUILT_PRODUCTS_DIR; };
		C7159FC222B55E1300C16C78 /* AppDelegate.swift */ = {isa = PBXFileReference; lastKnownFileType = sourcecode.swift; path = AppDelegate.swift; sourceTree = "<group>"; };
		C7159FC422B55E1300C16C78 /* ViewController.swift */ = {isa = PBXFileReference; lastKnownFileType = sourcecode.swift; path = ViewController.swift; sourceTree = "<group>"; };
		C7159FC722B55E1300C16C78 /* Base */ = {isa = PBXFileReference; lastKnownFileType = file.storyboard; name = Base; path = Base.lproj/Main.storyboard; sourceTree = "<group>"; };
		C7159FC922B55E1500C16C78 /* Assets.xcassets */ = {isa = PBXFileReference; lastKnownFileType = folder.assetcatalog; path = Assets.xcassets; sourceTree = "<group>"; };
		C7159FCC22B55E1500C16C78 /* Base */ = {isa = PBXFileReference; lastKnownFileType = file.storyboard; name = Base; path = Base.lproj/LaunchScreen.storyboard; sourceTree = "<group>"; };
		C7159FCE22B55E1500C16C78 /* Info.plist */ = {isa = PBXFileReference; lastKnownFileType = text.plist.xml; path = Info.plist; sourceTree = "<group>"; };
		C720FE4422B7BE6E0051E09C /* CollectionViewCell.swift */ = {isa = PBXFileReference; lastKnownFileType = sourcecode.swift; path = CollectionViewCell.swift; sourceTree = "<group>"; };
		C763146C234348130086E565 /* KotlinShared.framework */ = {isa = PBXFileReference; lastKnownFileType = wrapper.framework; name = KotlinShared.framework; path = "../KotlinMultiplatform/shared/build/xcode-frameworks/KotlinShared.framework"; sourceTree = "<group>"; };
/* End PBXFileReference section */

/* Begin PBXFrameworksBuildPhase section */
		C7159FBC22B55E1300C16C78 /* Frameworks */ = {
			isa = PBXFrameworksBuildPhase;
			buildActionMask = 2147483647;
			files = (
			);
			runOnlyForDeploymentPostprocessing = 0;
		};
/* End PBXFrameworksBuildPhase section */

/* Begin PBXGroup section */
		C7159FB622B55E1300C16C78 = {
			isa = PBXGroup;
			children = (
				C763146C234348130086E565 /* KotlinShared.framework */,
				C7159FC122B55E1300C16C78 /* kotlinmultiplatform */,
				C7159FC022B55E1300C16C78 /* Products */,
			);
			sourceTree = "<group>";
		};
		C7159FC022B55E1300C16C78 /* Products */ = {
			isa = PBXGroup;
			children = (
				C7159FBF22B55E1300C16C78 /* kotlinmultiplatform.app */,
			);
			name = Products;
			sourceTree = "<group>";
		};
		C7159FC122B55E1300C16C78 /* kotlinmultiplatform */ = {
			isa = PBXGroup;
			children = (
				C7159FC222B55E1300C16C78 /* AppDelegate.swift */,
				C7159FC422B55E1300C16C78 /* ViewController.swift */,
				C720FE4422B7BE6E0051E09C /* CollectionViewCell.swift */,
				C7159FC622B55E1300C16C78 /* Main.storyboard */,
				C7159FC922B55E1500C16C78 /* Assets.xcassets */,
				C7159FCB22B55E1500C16C78 /* LaunchScreen.storyboard */,
				C7159FCE22B55E1500C16C78 /* Info.plist */,
			);
			path = kotlinmultiplatform;
			sourceTree = "<group>";
		};
/* End PBXGroup section */

/* Begin PBXNativeTarget section */
		C7159FBE22B55E1300C16C78 /* kotlinmultiplatform */ = {
			isa = PBXNativeTarget;
			buildConfigurationList = C7159FD122B55E1500C16C78 /* Build configuration list for PBXNativeTarget "kotlinmultiplatform" */;
			buildPhases = (
				C7159FBB22B55E1300C16C78 /* Sources */,
				C7159FBC22B55E1300C16C78 /* Frameworks */,
				C7159FBD22B55E1300C16C78 /* Resources */,
				C7159FD722B5654200C16C78 /* Embed Frameworks */,
				C7159FD822B566F100C16C78 /* ShellScript */,
			);
			buildRules = (
			);
			dependencies = (
			);
			name = kotlinmultiplatform;
			productName = kotlinmultiplatform;
			productReference = C7159FBF22B55E1300C16C78 /* kotlinmultiplatform.app */;
			productType = "com.apple.product-type.application";
		};
/* End PBXNativeTarget section */

/* Begin PBXProject section */
		C7159FB722B55E1300C16C78 /* Project object */ = {
			isa = PBXProject;
			attributes = {
				LastSwiftUpdateCheck = 1020;
				LastUpgradeCheck = 1020;
				ORGANIZATIONNAME = "Yasir Ali";
				TargetAttributes = {
					C7159FBE22B55E1300C16C78 = {
						CreatedOnToolsVersion = 10.2.1;
					};
				};
			};
			buildConfigurationList = C7159FBA22B55E1300C16C78 /* Build configuration list for PBXProject "kotlinmultiplatform" */;
			compatibilityVersion = "Xcode 9.3";
			developmentRegion = en;
			hasScannedForEncodings = 0;
			knownRegions = (
				en,
				Base,
			);
			mainGroup = C7159FB622B55E1300C16C78;
			productRefGroup = C7159FC022B55E1300C16C78 /* Products */;
			projectDirPath = "";
			projectRoot = "";
			targets = (
				C7159FBE22B55E1300C16C78 /* kotlinmultiplatform */,
			);
		};
/* End PBXProject section */

/* Begin PBXResourcesBuildPhase section */
		C7159FBD22B55E1300C16C78 /* Resources */ = {
			isa = PBXResourcesBuildPhase;
			buildActionMask = 2147483647;
			files = (
				C7159FCD22B55E1500C16C78 /* LaunchScreen.storyboard in Resources */,
				C7159FCA22B55E1500C16C78 /* Assets.xcassets in Resources */,
				C7159FC822B55E1300C16C78 /* Main.storyboard in Resources */,
			);
			runOnlyForDeploymentPostprocessing = 0;
		};
/* End PBXResourcesBuildPhase section */

/* Begin PBXShellScriptBuildPhase section */
		C7159FD822B566F100C16C78 /* ShellScript */ = {
			isa = PBXShellScriptBuildPhase;
			buildActionMask = 2147483647;
			files = (
			);
			inputFileListPaths = (
			);
			inputPaths = (
			);
			outputFileListPaths = (
			);
			outputPaths = (
			);
			runOnlyForDeploymentPostprocessing = 0;
			shellPath = /bin/sh;
			shellScript = "cd \"$SRCROOT/../KotlinMultiplatform/shared/build/xcode-frameworks\"\n./gradlew :shared:packForXCode -PXCODE_CONFIGURATION=${CONFIGURATION}\n";
		};
/* End PBXShellScriptBuildPhase section */

/* Begin PBXSourcesBuildPhase section */
		C7159FBB22B55E1300C16C78 /* Sources */ = {
			isa = PBXSourcesBuildPhase;
			buildActionMask = 2147483647;
			files = (
				C7159FC522B55E1300C16C78 /* ViewController.swift in Sources */,
				C7159FC322B55E1300C16C78 /* AppDelegate.swift in Sources */,
				C720FE4522B7BE6E0051E09C /* CollectionViewCell.swift in Sources */,
			);
			runOnlyForDeploymentPostprocessing = 0;
		};
/* End PBXSourcesBuildPhase section */

/* Begin PBXVariantGroup section */
		C7159FC622B55E1300C16C78 /* Main.storyboard */ = {
			isa = PBXVariantGroup;
			children = (
				C7159FC722B55E1300C16C78 /* Base */,
			);
			name = Main.storyboard;
			sourceTree = "<group>";
		};
		C7159FCB22B55E1500C16C78 /* LaunchScreen.storyboard */ = {
			isa = PBXVariantGroup;
			children = (
				C7159FCC22B55E1500C16C78 /* Base */,
			);
			name = LaunchScreen.storyboard;
			sourceTree = "<group>";
		};
/* End PBXVariantGroup section */

/* Begin XCBuildConfiguration section */
		C7159FCF22B55E1500C16C78 /* Debug */ = {
			isa = XCBuildConfiguration;
			buildSettings = {
				ALWAYS_SEARCH_USER_PATHS = NO;
				CLANG_ANALYZER_NONNULL = YES;
				CLANG_ANALYZER_NUMBER_OBJECT_CONVERSION = YES_AGGRESSIVE;
				CLANG_CXX_LANGUAGE_STANDARD = "gnu++14";
				CLANG_CXX_LIBRARY = "libc++";
				CLANG_ENABLE_MODULES = YES;
				CLANG_ENABLE_OBJC_ARC = YES;
				CLANG_ENABLE_OBJC_WEAK = YES;
				CLANG_WARN_BLOCK_CAPTURE_AUTORELEASING = YES;
				CLANG_WARN_BOOL_CONVERSION = YES;
				CLANG_WARN_COMMA = YES;
				CLANG_WARN_CONSTANT_CONVERSION = YES;
				CLANG_WARN_DEPRECATED_OBJC_IMPLEMENTATIONS = YES;
				CLANG_WARN_DIRECT_OBJC_ISA_USAGE = YES_ERROR;
				CLANG_WARN_DOCUMENTATION_COMMENTS = YES;
				CLANG_WARN_EMPTY_BODY = YES;
				CLANG_WARN_ENUM_CONVERSION = YES;
				CLANG_WARN_INFINITE_RECURSION = YES;
				CLANG_WARN_INT_CONVERSION = YES;
				CLANG_WARN_NON_LITERAL_NULL_CONVERSION = YES;
				CLANG_WARN_OBJC_IMPLICIT_RETAIN_SELF = YES;
				CLANG_WARN_OBJC_LITERAL_CONVERSION = YES;
				CLANG_WARN_OBJC_ROOT_CLASS = YES_ERROR;
				CLANG_WARN_RANGE_LOOP_ANALYSIS = YES;
				CLANG_WARN_STRICT_PROTOTYPES = YES;
				CLANG_WARN_SUSPICIOUS_MOVE = YES;
				CLANG_WARN_UNGUARDED_AVAILABILITY = YES_AGGRESSIVE;
				CLANG_WARN_UNREACHABLE_CODE = YES;
				CLANG_WARN__DUPLICATE_METHOD_MATCH = YES;
				CODE_SIGN_IDENTITY = "iPhone Developer";
				COPY_PHASE_STRIP = NO;
				DEBUG_INFORMATION_FORMAT = dwarf;
				ENABLE_STRICT_OBJC_MSGSEND = YES;
				ENABLE_TESTABILITY = YES;
				GCC_C_LANGUAGE_STANDARD = gnu11;
				GCC_DYNAMIC_NO_PIC = NO;
				GCC_NO_COMMON_BLOCKS = YES;
				GCC_OPTIMIZATION_LEVEL = 0;
				GCC_PREPROCESSOR_DEFINITIONS = (
					"DEBUG=1",
					"$(inherited)",
				);
				GCC_WARN_64_TO_32_BIT_CONVERSION = YES;
				GCC_WARN_ABOUT_RETURN_TYPE = YES_ERROR;
				GCC_WARN_UNDECLARED_SELECTOR = YES;
				GCC_WARN_UNINITIALIZED_AUTOS = YES_AGGRESSIVE;
				GCC_WARN_UNUSED_FUNCTION = YES;
				GCC_WARN_UNUSED_VARIABLE = YES;
				IPHONEOS_DEPLOYMENT_TARGET = 12.2;
				MTL_ENABLE_DEBUG_INFO = INCLUDE_SOURCE;
				MTL_FAST_MATH = YES;
				ONLY_ACTIVE_ARCH = YES;
				SDKROOT = iphoneos;
				SWIFT_ACTIVE_COMPILATION_CONDITIONS = DEBUG;
				SWIFT_OPTIMIZATION_LEVEL = "-Onone";
			};
			name = Debug;
		};
		C7159FD022B55E1500C16C78 /* Release */ = {
			isa = XCBuildConfiguration;
			buildSettings = {
				ALWAYS_SEARCH_USER_PATHS = NO;
				CLANG_ANALYZER_NONNULL = YES;
				CLANG_ANALYZER_NUMBER_OBJECT_CONVERSION = YES_AGGRESSIVE;
				CLANG_CXX_LANGUAGE_STANDARD = "gnu++14";
				CLANG_CXX_LIBRARY = "libc++";
				CLANG_ENABLE_MODULES = YES;
				CLANG_ENABLE_OBJC_ARC = YES;
				CLANG_ENABLE_OBJC_WEAK = YES;
				CLANG_WARN_BLOCK_CAPTURE_AUTORELEASING = YES;
				CLANG_WARN_BOOL_CONVERSION = YES;
				CLANG_WARN_COMMA = YES;
				CLANG_WARN_CONSTANT_CONVERSION = YES;
				CLANG_WARN_DEPRECATED_OBJC_IMPLEMENTATIONS = YES;
				CLANG_WARN_DIRECT_OBJC_ISA_USAGE = YES_ERROR;
				CLANG_WARN_DOCUMENTATION_COMMENTS = YES;
				CLANG_WARN_EMPTY_BODY = YES;
				CLANG_WARN_ENUM_CONVERSION = YES;
				CLANG_WARN_INFINITE_RECURSION = YES;
				CLANG_WARN_INT_CONVERSION = YES;
				CLANG_WARN_NON_LITERAL_NULL_CONVERSION = YES;
				CLANG_WARN_OBJC_IMPLICIT_RETAIN_SELF = YES;
				CLANG_WARN_OBJC_LITERAL_CONVERSION = YES;
				CLANG_WARN_OBJC_ROOT_CLASS = YES_ERROR;
				CLANG_WARN_RANGE_LOOP_ANALYSIS = YES;
				CLANG_WARN_STRICT_PROTOTYPES = YES;
				CLANG_WARN_SUSPICIOUS_MOVE = YES;
				CLANG_WARN_UNGUARDED_AVAILABILITY = YES_AGGRESSIVE;
				CLANG_WARN_UNREACHABLE_CODE = YES;
				CLANG_WARN__DUPLICATE_METHOD_MATCH = YES;
				CODE_SIGN_IDENTITY = "iPhone Developer";
				COPY_PHASE_STRIP = NO;
				DEBUG_INFORMATION_FORMAT = "dwarf-with-dsym";
				ENABLE_NS_ASSERTIONS = NO;
				ENABLE_STRICT_OBJC_MSGSEND = YES;
				GCC_C_LANGUAGE_STANDARD = gnu11;
				GCC_NO_COMMON_BLOCKS = YES;
				GCC_WARN_64_TO_32_BIT_CONVERSION = YES;
				GCC_WARN_ABOUT_RETURN_TYPE = YES_ERROR;
				GCC_WARN_UNDECLARED_SELECTOR = YES;
				GCC_WARN_UNINITIALIZED_AUTOS = YES_AGGRESSIVE;
				GCC_WARN_UNUSED_FUNCTION = YES;
				GCC_WARN_UNUSED_VARIABLE = YES;
				IPHONEOS_DEPLOYMENT_TARGET = 12.2;
				MTL_ENABLE_DEBUG_INFO = NO;
				MTL_FAST_MATH = YES;
				SDKROOT = iphoneos;
				SWIFT_COMPILATION_MODE = wholemodule;
				SWIFT_OPTIMIZATION_LEVEL = "-O";
				VALIDATE_PRODUCT = YES;
			};
			name = Release;
		};
		C7159FD222B55E1500C16C78 /* Debug */ = {
			isa = XCBuildConfiguration;
			buildSettings = {
				ASSETCATALOG_COMPILER_APPICON_NAME = AppIcon;
				CODE_SIGN_STYLE = Automatic;
				DEVELOPMENT_TEAM = YUQT9F4229;
				FRAMEWORK_SEARCH_PATHS = "$(SRCROOT)/../KotlinMultiplatform/shared/build/xcode-frameworks";
				INFOPLIST_FILE = kotlinmultiplatform/Info.plist;
				LD_RUNPATH_SEARCH_PATHS = (
					"$(inherited)",
					"@executable_path/Frameworks",
				);
				PRODUCT_BUNDLE_IDENTIFIER = com.yasiralijaved.kotlinmultiplatform;
				PRODUCT_NAME = "$(TARGET_NAME)";
				SWIFT_VERSION = 5.0;
				TARGETED_DEVICE_FAMILY = "1,2";
			};
			name = Debug;
		};
		C7159FD322B55E1500C16C78 /* Release */ = {
			isa = XCBuildConfiguration;
			buildSettings = {
				ASSETCATALOG_COMPILER_APPICON_NAME = AppIcon;
				CODE_SIGN_STYLE = Automatic;
				DEVELOPMENT_TEAM = YUQT9F4229;
				FRAMEWORK_SEARCH_PATHS = "$(SRCROOT)/../KotlinMultiplatform/shared/build/xcode-frameworks";
				INFOPLIST_FILE = kotlinmultiplatform/Info.plist;
				LD_RUNPATH_SEARCH_PATHS = (
					"$(inherited)",
					"@executable_path/Frameworks",
				);
				PRODUCT_BUNDLE_IDENTIFIER = com.yasiralijaved.kotlinmultiplatform;
				PRODUCT_NAME = "$(TARGET_NAME)";
				SWIFT_VERSION = 5.0;
				TARGETED_DEVICE_FAMILY = "1,2";
			};
			name = Release;
		};
/* End XCBuildConfiguration section */

/* Begin XCConfigurationList section */
		C7159FBA22B55E1300C16C78 /* Build configuration list for PBXProject "kotlinmultiplatform" */ = {
			isa = XCConfigurationList;
			buildConfigurations = (
				C7159FCF22B55E1500C16C78 /* Debug */,
				C7159FD022B55E1500C16C78 /* Release */,
			);
			defaultConfigurationIsVisible = 0;
			defaultConfigurationName = Release;
		};
		C7159FD122B55E1500C16C78 /* Build configuration list for PBXNativeTarget "kotlinmultiplatform" */ = {
			isa = XCConfigurationList;
			buildConfigurations = (
				C7159FD222B55E1500C16C78 /* Debug */,
				C7159FD322B55E1500C16C78 /* Release */,
			);
			defaultConfigurationIsVisible = 0;
			defaultConfigurationName = Release;
		};
/* End XCConfigurationList section */
	};
	rootObject = C7159FB722B55E1300C16C78 /* Project object */;
}
